
Microsoft Visual Studio Solution File, Format Version 12.00
# Visual Studio Version 16
VisualStudioVersion = 16.0.32413.511
MinimumVisualStudioVersion = 10.0.40219.1
Project("{FAE04EC0-301F-11D3-BF4B-00C04F79EFBC}") = "Atencion_Cliente - .Net Framework", "Atencion_Cliente - .Net Framework.csproj", "{147A9F94-D316-48FC-9AC6-CAF3015428E1}"
EndProject
Global
	GlobalSection(SolutionConfigurationPlatforms) = preSolution
		Debug|Any CPU = Debug|Any CPU
		Release|Any CPU = Release|Any CPU
	EndGlobalSection
	GlobalSection(ProjectConfigurationPlatforms) = postSolution
		{147A9F94-D316-48FC-9AC6-CAF3015428E1}.Debug|Any CPU.ActiveCfg = Debug|Any CPU
		{147A9F94-D316-48FC-9AC6-CAF3015428E1}.Debug|Any CPU.Build.0 = Debug|Any CPU
		{147A9F94-D316-48FC-9AC6-CAF3015428E1}.Release|Any CPU.ActiveCfg = Release|Any CPU
		{147A9F94-D316-48FC-9AC6-CAF3015428E1}.Release|Any CPU.Build.0 = Release|Any CPU
	EndGlobalSection
	GlobalSection(SolutionProperties) = preSolution
		HideSolutionNode = FALSE
	EndGlobalSection
	GlobalSection(ExtensibilityGlobals) = postSolution
		SolutionGuid = {9D741164-2D5C-4A45-A86A-709176188944}
	EndGlobalSection
EndGlobal
